
Microsoft Visual Studio Solution File, Format Version 12.00
# Visual Studio Version 17
VisualStudioVersion = 17.0.32014.148
MinimumVisualStudioVersion = 10.0.40219.1
Project("{9A19103F-16F7-4668-BE54-9A1E7A4F7556}") = "YWB.AntidetectAccountsParser.Terminal", "YWB.AntidetectAccountsParser.Console\YWB.AntidetectAccountsParser.Terminal.csproj", "{8AD77F18-6D39-4DAC-B015-A64718951E12}"
EndProject
Project("{9A19103F-16F7-4668-BE54-9A1E7A4F7556}") = "YWB.AntidetectAccountsParser.Services", "YWB.AntidetectAccountsParser.Services\YWB.AntidetectAccountsParser.Services.csproj", "{CD2934FF-DC6B-4CFA-BB16-DE899F9AB0AA}"
EndProject
Project("{9A19103F-16F7-4668-BE54-9A1E7A4F7556}") = "YWB.AntidetectAccountsParser.TelegramBot", "YWB.AntidetectAccountsParser.TelegramBot\YWB.AntidetectAccountsParser.TelegramBot.csproj", "{9C8CE4C8-D40B-4981-A329-59D403F01B83}"
EndProject
Project("{FAE04EC0-301F-11D3-BF4B-00C04F79EFBC}") = "YWB.AntidetectAccountsParser.Model", "YWB.AntidetectAccountsParser.Model\YWB.AntidetectAccountsParser.Model.csproj", "{D47001AB-0F42-497C-B5A6-2642B632A90E}"
EndProject
Project("{FAE04EC0-301F-11D3-BF4B-00C04F79EFBC}") = "YWB.Helpers", "YWB.Helpers\YWB.Helpers.csproj", "{E7C6F39C-CACA-43CE-8163-914F4FF8CE71}"
EndProject
Project("{FAE04EC0-301F-11D3-BF4B-00C04F79EFBC}") = "YWB.AntidetectAccountsParser.Interfaces", "YWB.AntidetectAccountsParser.Interfaces\YWB.AntidetectAccountsParser.Interfaces.csproj", "{F768A195-5F00-46C6-AF1F-11F4213D43C8}"
EndProject
Global
	GlobalSection(SolutionConfigurationPlatforms) = preSolution
		Debug|Any CPU = Debug|Any CPU
		Release|Any CPU = Release|Any CPU
	EndGlobalSection
	GlobalSection(ProjectConfigurationPlatforms) = postSolution
		{8AD77F18-6D39-4DAC-B015-A64718951E12}.Debug|Any CPU.ActiveCfg = Debug|Any CPU
		{8AD77F18-6D39-4DAC-B015-A64718951E12}.Debug|Any CPU.Build.0 = Debug|Any CPU
		{8AD77F18-6D39-4DAC-B015-A64718951E12}.Release|Any CPU.ActiveCfg = Release|Any CPU
		{8AD77F18-6D39-4DAC-B015-A64718951E12}.Release|Any CPU.Build.0 = Release|Any CPU
		{CD2934FF-DC6B-4CFA-BB16-DE899F9AB0AA}.Debug|Any CPU.ActiveCfg = Debug|Any CPU
		{CD2934FF-DC6B-4CFA-BB16-DE899F9AB0AA}.Debug|Any CPU.Build.0 = Debug|Any CPU
		{CD2934FF-DC6B-4CFA-BB16-DE899F9AB0AA}.Release|Any CPU.ActiveCfg = Release|Any CPU
		{CD2934FF-DC6B-4CFA-BB16-DE899F9AB0AA}.Release|Any CPU.Build.0 = Release|Any CPU
		{9C8CE4C8-D40B-4981-A329-59D403F01B83}.Debug|Any CPU.ActiveCfg = Debug|Any CPU
		{9C8CE4C8-D40B-4981-A329-59D403F01B83}.Debug|Any CPU.Build.0 = Debug|Any CPU
		{9C8CE4C8-D40B-4981-A329-59D403F01B83}.Release|Any CPU.ActiveCfg = Release|Any CPU
		{9C8CE4C8-D40B-4981-A329-59D403F01B83}.Release|Any CPU.Build.0 = Release|Any CPU
		{D47001AB-0F42-497C-B5A6-2642B632A90E}.Debug|Any CPU.ActiveCfg = Debug|Any CPU
		{D47001AB-0F42-497C-B5A6-2642B632A90E}.Debug|Any CPU.Build.0 = Debug|Any CPU
		{D47001AB-0F42-497C-B5A6-2642B632A90E}.Release|Any CPU.ActiveCfg = Release|Any CPU
		{D47001AB-0F42-497C-B5A6-2642B632A90E}.Release|Any CPU.Build.0 = Release|Any CPU
		{E7C6F39C-CACA-43CE-8163-914F4FF8CE71}.Debug|Any CPU.ActiveCfg = Debug|Any CPU
		{E7C6F39C-CACA-43CE-8163-914F4FF8CE71}.Debug|Any CPU.Build.0 = Debug|Any CPU
		{E7C6F39C-CACA-43CE-8163-914F4FF8CE71}.Release|Any CPU.ActiveCfg = Release|Any CPU
		{E7C6F39C-CACA-43CE-8163-914F4FF8CE71}.Release|Any CPU.Build.0 = Release|Any CPU
		{F768A195-5F00-46C6-AF1F-11F4213D43C8}.Debug|Any CPU.ActiveCfg = Debug|Any CPU
		{F768A195-5F00-46C6-AF1F-11F4213D43C8}.Debug|Any CPU.Build.0 = Debug|Any CPU
		{F768A195-5F00-46C6-AF1F-11F4213D43C8}.Release|Any CPU.ActiveCfg = Release|Any CPU
		{F768A195-5F00-46C6-AF1F-11F4213D43C8}.Release|Any CPU.Build.0 = Release|Any CPU
	EndGlobalSection
	GlobalSection(SolutionProperties) = preSolution
		HideSolutionNode = FALSE
	EndGlobalSection
	GlobalSection(ExtensibilityGlobals) = postSolution
		SolutionGuid = {05486190-91F7-4E4C-B51F-1C3E5A2BF1AE}
	EndGlobalSection
EndGlobal
