
Microsoft Visual Studio Solution File, Format Version 12.00
# Visual Studio Version 16
VisualStudioVersion = 16.0.31515.178
MinimumVisualStudioVersion = 10.0.40219.1
Project("{FAE04EC0-301F-11D3-BF4B-00C04F79EFBC}") = "YWB.IndigoAccountParser", "YWB.IndigoAccountParser.csproj", "{8AD77F18-6D39-4DAC-B015-A64718951E12}"
EndProject
Global
	GlobalSection(SolutionConfigurationPlatforms) = preSolution
		Debug|Any CPU = Debug|Any CPU
		Release|Any CPU = Release|Any CPU
	EndGlobalSection
	GlobalSection(ProjectConfigurationPlatforms) = postSolution
		{8AD77F18-6D39-4DAC-B015-A64718951E12}.Debug|Any CPU.ActiveCfg = Debug|Any CPU
		{8AD77F18-6D39-4DAC-B015-A64718951E12}.Debug|Any CPU.Build.0 = Debug|Any CPU
		{8AD77F18-6D39-4DAC-B015-A64718951E12}.Release|Any CPU.ActiveCfg = Release|Any CPU
		{8AD77F18-6D39-4DAC-B015-A64718951E12}.Release|Any CPU.Build.0 = Release|Any CPU
	EndGlobalSection
	GlobalSection(SolutionProperties) = preSolution
		HideSolutionNode = FALSE
	EndGlobalSection
	GlobalSection(ExtensibilityGlobals) = postSolution
		SolutionGuid = {05486190-91F7-4E4C-B51F-1C3E5A2BF1AE}
	EndGlobalSection
EndGlobal
